
Microsoft Visual Studio Solution File, Format Version 11.00
# Visual Studio 2010
Project("{FAE04EC0-301F-11D3-BF4B-00C04F79EFBC}") = "PicasaReview", "PicasaReview.csproj", "{ADA47C56-F213-430B-AE7A-1CC7F5466A8C}"
EndProject
Global
	GlobalSection(SolutionConfigurationPlatforms) = preSolution
		Debug|Any CPU = Debug|Any CPU
		Release|Any CPU = Release|Any CPU
	EndGlobalSection
	GlobalSection(ProjectConfigurationPlatforms) = postSolution
		{ADA47C56-F213-430B-AE7A-1CC7F5466A8C}.Debug|Any CPU.ActiveCfg = Debug|Any CPU
		{ADA47C56-F213-430B-AE7A-1CC7F5466A8C}.Debug|Any CPU.Build.0 = Debug|Any CPU
		{ADA47C56-F213-430B-AE7A-1CC7F5466A8C}.Release|Any CPU.ActiveCfg = Release|Any CPU
		{ADA47C56-F213-430B-AE7A-1CC7F5466A8C}.Release|Any CPU.Build.0 = Release|Any CPU
	EndGlobalSection
	GlobalSection(SolutionProperties) = preSolution
		HideSolutionNode = FALSE
	EndGlobalSection
EndGlobal
